
Microsoft Visual Studio Solution File, Format Version 12.00
# Visual Studio Version 16
VisualStudioVersion = 16.0.30309.148
MinimumVisualStudioVersion = 10.0.40219.1
Project("{FAE04EC0-301F-11D3-BF4B-00C04F79EFBC}") = "ValidationsDemo", "ValidationsDemo\ValidationsDemo.csproj", "{074D3E73-97FA-402F-A5C8-B0D4FC5E60F9}"
EndProject
Global
	GlobalSection(SolutionConfigurationPlatforms) = preSolution
		Debug|Any CPU = Debug|Any CPU
		Release|Any CPU = Release|Any CPU
	EndGlobalSection
	GlobalSection(ProjectConfigurationPlatforms) = postSolution
		{074D3E73-97FA-402F-A5C8-B0D4FC5E60F9}.Debug|Any CPU.ActiveCfg = Debug|Any CPU
		{074D3E73-97FA-402F-A5C8-B0D4FC5E60F9}.Debug|Any CPU.Build.0 = Debug|Any CPU
		{074D3E73-97FA-402F-A5C8-B0D4FC5E60F9}.Release|Any CPU.ActiveCfg = Release|Any CPU
		{074D3E73-97FA-402F-A5C8-B0D4FC5E60F9}.Release|Any CPU.Build.0 = Release|Any CPU
	EndGlobalSection
	GlobalSection(SolutionProperties) = preSolution
		HideSolutionNode = FALSE
	EndGlobalSection
	GlobalSection(ExtensibilityGlobals) = postSolution
		SolutionGuid = {06803F52-6706-4ED0-846C-392D06C81806}
	EndGlobalSection
EndGlobal
